// !$*UTF8*$!
{
	archiveVersion = 1;
	classes = {
	};
	objectVersion = 54;
	objects = {

/* Begin PBXBuildFile section */
		034C716933742FFADEB93893 /* RiceBarConfig.swift in Sources */ = {isa = PBXBuildFile; fileRef = 905A29320716E040680009D2 /* RiceBarConfig.swift */; };
		0F686CD54CEE4E786E108F79 /* ThemeService.swift in Sources */ = {isa = PBXBuildFile; fileRef = E6F7A9374B3B880B1A53DA4B /* ThemeService.swift */; };
		205B9A33D254D116AD48D87B /* Profile.swift in Sources */ = {isa = PBXBuildFile; fileRef = 0BE3B3286B9F555650B9C7E0 /* Profile.swift */; };
		2AA8E1537269A18B4C67A3E0 /* ProfileTests.swift in Sources */ = {isa = PBXBuildFile; fileRef = EC630074DEE99B0EC129091D /* ProfileTests.swift */; };
		2EB7D82C4BDA5C9361E30356 /* Assets.xcassets in Resources */ = {isa = PBXBuildFile; fileRef = 3A401FFB6BC54C621640129E /* Assets.xcassets */; };
		5CAA08DB78FAB9FA63ADA40E /* SystemService.swift in Sources */ = {isa = PBXBuildFile; fileRef = 5FFDFB9CB09EA3ECD0DB47D7 /* SystemService.swift */; };
		6565061879C1006EFE25A0EB /* RiceBarMacApp.swift in Sources */ = {isa = PBXBuildFile; fileRef = 268D18331B39985EF0EF5B1A /* RiceBarMacApp.swift */; };
		6A7587A8978C75DDBD7246A7 /* ProfileService.swift in Sources */ = {isa = PBXBuildFile; fileRef = 9D9DD8D70913FAEE64EB6E2F /* ProfileService.swift */; };
		7E1877D66D719FEB41197CBF /* ConfigService.swift in Sources */ = {isa = PBXBuildFile; fileRef = AB43E97EFA13FFCD52C57445 /* ConfigService.swift */; };
		7F8A61EEB40D60D2F3020F45 /* ApplyRecord.swift in Sources */ = {isa = PBXBuildFile; fileRef = 87FF12B9E55064A525A6AB9F /* ApplyRecord.swift */; };
		8D23A2CF1F17FAD812AC62B5 /* StatusBarViewModel.swift in Sources */ = {isa = PBXBuildFile; fileRef = BAE9BFB729AB2AD781D26AD3 /* StatusBarViewModel.swift */; };
		96DE72684819AA654BA471C2 /* Yams in Frameworks */ = {isa = PBXBuildFile; productRef = C605F1B125C2302857023307 /* Yams */; };
		999EE50D894B5C37205408A9 /* FileSystemUtilitiesTests.swift in Sources */ = {isa = PBXBuildFile; fileRef = 11AE24FAF50C913B94768EF0 /* FileSystemUtilitiesTests.swift */; };
		9B90D0089306F3D5E4A960EB /* Constants.swift in Sources */ = {isa = PBXBuildFile; fileRef = 54B8CEBEDF14D653D5904C76 /* Constants.swift */; };
		B32F895E6811F00E9609D921 /* ApplyActivity.swift in Sources */ = {isa = PBXBuildFile; fileRef = 1885A099C07F1C02C2D6D275 /* ApplyActivity.swift */; };
		BE0D34E6F46FD074BCEF948D /* FileSystemService.swift in Sources */ = {isa = PBXBuildFile; fileRef = CDC3F74316A9A86DE31BD6C3 /* FileSystemService.swift */; };
		BF644B7A48F34F809B761EB3 /* StatusBarController.swift in Sources */ = {isa = PBXBuildFile; fileRef = 1B003CBCD364D4FC36E0CDCA /* StatusBarController.swift */; };
		F8CF6A1782A672790B8B22F9 /* HotKey in Frameworks */ = {isa = PBXBuildFile; productRef = B17825F2AF40D3D8D44819F4 /* HotKey */; };
/* End PBXBuildFile section */

/* Begin PBXContainerItemProxy section */
		A120855B38D93D2425E7A9A4 /* PBXContainerItemProxy */ = {
			isa = PBXContainerItemProxy;
			containerPortal = BA0BDB382D89D1B003F1AAD1 /* Project object */;
			proxyType = 1;
			remoteGlobalIDString = 1763D8288F4720C213D69DAF;
			remoteInfo = RiceBarMac;
		};
/* End PBXContainerItemProxy section */

/* Begin PBXFileReference section */
		0BE3B3286B9F555650B9C7E0 /* Profile.swift */ = {isa = PBXFileReference; lastKnownFileType = sourcecode.swift; path = Profile.swift; sourceTree = "<group>"; };
		11AE24FAF50C913B94768EF0 /* FileSystemUtilitiesTests.swift */ = {isa = PBXFileReference; lastKnownFileType = sourcecode.swift; path = FileSystemUtilitiesTests.swift; sourceTree = "<group>"; };
		1885A099C07F1C02C2D6D275 /* ApplyActivity.swift */ = {isa = PBXFileReference; lastKnownFileType = sourcecode.swift; path = ApplyActivity.swift; sourceTree = "<group>"; };
		1B003CBCD364D4FC36E0CDCA /* StatusBarController.swift */ = {isa = PBXFileReference; lastKnownFileType = sourcecode.swift; path = StatusBarController.swift; sourceTree = "<group>"; };
		268D18331B39985EF0EF5B1A /* RiceBarMacApp.swift */ = {isa = PBXFileReference; lastKnownFileType = sourcecode.swift; path = RiceBarMacApp.swift; sourceTree = "<group>"; };
		3A401FFB6BC54C621640129E /* Assets.xcassets */ = {isa = PBXFileReference; lastKnownFileType = folder.assetcatalog; path = Assets.xcassets; sourceTree = "<group>"; };
		48E0071036E1D031DF38F28E /* Info.plist */ = {isa = PBXFileReference; lastKnownFileType = text.plist; path = Info.plist; sourceTree = "<group>"; };
		54B8CEBEDF14D653D5904C76 /* Constants.swift */ = {isa = PBXFileReference; lastKnownFileType = sourcecode.swift; path = Constants.swift; sourceTree = "<group>"; };
		5FFDFB9CB09EA3ECD0DB47D7 /* SystemService.swift */ = {isa = PBXFileReference; lastKnownFileType = sourcecode.swift; path = SystemService.swift; sourceTree = "<group>"; };
		6C007FDFEBC40D65FCA96770 /* RiceBarMacTests.xctest */ = {isa = PBXFileReference; explicitFileType = wrapper.cfbundle; includeInIndex = 0; path = RiceBarMacTests.xctest; sourceTree = BUILT_PRODUCTS_DIR; };
		81D869300D60DBBB638E7960 /* BackupService.swift */ = {isa = PBXFileReference; lastKnownFileType = sourcecode.swift; path = BackupService.swift; sourceTree = "<group>"; };
		87FF12B9E55064A525A6AB9F /* ApplyRecord.swift */ = {isa = PBXFileReference; lastKnownFileType = sourcecode.swift; path = ApplyRecord.swift; sourceTree = "<group>"; };
		8E0693C0DF87522673380697 /* RiceBarMac_Debug.entitlements */ = {isa = PBXFileReference; lastKnownFileType = text.plist.entitlements; path = RiceBarMac_Debug.entitlements; sourceTree = "<group>"; };
		905A29320716E040680009D2 /* RiceBarConfig.swift */ = {isa = PBXFileReference; lastKnownFileType = sourcecode.swift; path = RiceBarConfig.swift; sourceTree = "<group>"; };
		9D9DD8D70913FAEE64EB6E2F /* ProfileService.swift */ = {isa = PBXFileReference; lastKnownFileType = sourcecode.swift; path = ProfileService.swift; sourceTree = "<group>"; };
		AB43E97EFA13FFCD52C57445 /* ConfigService.swift */ = {isa = PBXFileReference; lastKnownFileType = sourcecode.swift; path = ConfigService.swift; sourceTree = "<group>"; };
		BAE9BFB729AB2AD781D26AD3 /* StatusBarViewModel.swift */ = {isa = PBXFileReference; lastKnownFileType = sourcecode.swift; path = StatusBarViewModel.swift; sourceTree = "<group>"; };
		C64AE5299733FC31BEA181F8 /* RiceBarMac.app */ = {isa = PBXFileReference; explicitFileType = wrapper.application; includeInIndex = 0; path = RiceBarMac.app; sourceTree = BUILT_PRODUCTS_DIR; };
		CDC3F74316A9A86DE31BD6C3 /* FileSystemService.swift */ = {isa = PBXFileReference; lastKnownFileType = sourcecode.swift; path = FileSystemService.swift; sourceTree = "<group>"; };
		E6F7A9374B3B880B1A53DA4B /* ThemeService.swift */ = {isa = PBXFileReference; lastKnownFileType = sourcecode.swift; path = ThemeService.swift; sourceTree = "<group>"; };
		EC630074DEE99B0EC129091D /* ProfileTests.swift */ = {isa = PBXFileReference; lastKnownFileType = sourcecode.swift; path = ProfileTests.swift; sourceTree = "<group>"; };
		EE51A9870DA9A889723D2642 /* RiceBarMac_Release.entitlements */ = {isa = PBXFileReference; lastKnownFileType = text.plist.entitlements; path = RiceBarMac_Release.entitlements; sourceTree = "<group>"; };
/* End PBXFileReference section */

/* Begin PBXFrameworksBuildPhase section */
		6E33C6A6D714623A199C741A /* Frameworks */ = {
			isa = PBXFrameworksBuildPhase;
			buildActionMask = 2147483647;
			files = (
				F8CF6A1782A672790B8B22F9 /* HotKey in Frameworks */,
				96DE72684819AA654BA471C2 /* Yams in Frameworks */,
			);
			runOnlyForDeploymentPostprocessing = 0;
		};
/* End PBXFrameworksBuildPhase section */

/* Begin PBXGroup section */
		168D2FB3CD116ABF454CF3EE /* App */ = {
			isa = PBXGroup;
			children = (
				268D18331B39985EF0EF5B1A /* RiceBarMacApp.swift */,
				1B003CBCD364D4FC36E0CDCA /* StatusBarController.swift */,
			);
			path = App;
			sourceTree = "<group>";
		};
		23B73B30AE604A6A552922ED = {
			isa = PBXGroup;
			children = (
				3CDBFD6F9EB7191B69A38E54 /* App */,
				C8E84F9FFD9D27C02B007573 /* Tests */,
				A757EAB19785B3AAC42B67A4 /* Products */,
			);
			sourceTree = "<group>";
		};
		3CDBFD6F9EB7191B69A38E54 /* App */ = {
			isa = PBXGroup;
			children = (
				3A401FFB6BC54C621640129E /* Assets.xcassets */,
				48E0071036E1D031DF38F28E /* Info.plist */,
				AD68D5B6F84982D0DFC4D00D /* Entitlements */,
				825165D1D4FE1E63DB75A951 /* Sources */,
			);
			path = App;
			sourceTree = "<group>";
		};
		412CE66A88466E31243AD422 /* Models */ = {
			isa = PBXGroup;
			children = (
				87FF12B9E55064A525A6AB9F /* ApplyRecord.swift */,
				905A29320716E040680009D2 /* RiceBarConfig.swift */,
			);
			path = Models;
			sourceTree = "<group>";
		};
		4F15660FFB5B530388F167A7 /* ViewModels */ = {
			isa = PBXGroup;
			children = (
				BAE9BFB729AB2AD781D26AD3 /* StatusBarViewModel.swift */,
			);
			path = ViewModels;
			sourceTree = "<group>";
		};
		5A8AB322D7B7056C2EFFF252 /* Services */ = {
			isa = PBXGroup;
			children = (
				AB43E97EFA13FFCD52C57445 /* ConfigService.swift */,
				CDC3F74316A9A86DE31BD6C3 /* FileSystemService.swift */,
				9D9DD8D70913FAEE64EB6E2F /* ProfileService.swift */,
				5FFDFB9CB09EA3ECD0DB47D7 /* SystemService.swift */,
				E6F7A9374B3B880B1A53DA4B /* ThemeService.swift */,
			);
			path = Services;
			sourceTree = "<group>";
		};
		69F721075A57E6F5C051686A /* Views */ = {
			isa = PBXGroup;
			children = (
			);
			path = Views;
			sourceTree = "<group>";
		};
		825165D1D4FE1E63DB75A951 /* Sources */ = {
			isa = PBXGroup;
			children = (
				0BE3B3286B9F555650B9C7E0 /* Profile.swift */,
				168D2FB3CD116ABF454CF3EE /* App */,
				A54FA3DC97CA580EB5747889 /* Controllers */,
				412CE66A88466E31243AD422 /* Models */,
				5A8AB322D7B7056C2EFFF252 /* Services */,
				F31D3BF51F1C17A287D41223 /* Utils */,
				4F15660FFB5B530388F167A7 /* ViewModels */,
				69F721075A57E6F5C051686A /* Views */,
			);
			path = Sources;
			sourceTree = "<group>";
		};
		A54FA3DC97CA580EB5747889 /* Controllers */ = {
			isa = PBXGroup;
			children = (
			);
			path = Controllers;
			sourceTree = "<group>";
		};
		A757EAB19785B3AAC42B67A4 /* Products */ = {
			isa = PBXGroup;
			children = (
				C64AE5299733FC31BEA181F8 /* RiceBarMac.app */,
				6C007FDFEBC40D65FCA96770 /* RiceBarMacTests.xctest */,
			);
			name = Products;
			sourceTree = "<group>";
		};
		AD68D5B6F84982D0DFC4D00D /* Entitlements */ = {
			isa = PBXGroup;
			children = (
				8E0693C0DF87522673380697 /* RiceBarMac_Debug.entitlements */,
				EE51A9870DA9A889723D2642 /* RiceBarMac_Release.entitlements */,
			);
			path = Entitlements;
			sourceTree = "<group>";
		};
		C8E84F9FFD9D27C02B007573 /* Tests */ = {
			isa = PBXGroup;
			children = (
				11AE24FAF50C913B94768EF0 /* FileSystemUtilitiesTests.swift */,
				EC630074DEE99B0EC129091D /* ProfileTests.swift */,
			);
			path = Tests;
			sourceTree = "<group>";
		};
		F31D3BF51F1C17A287D41223 /* Utils */ = {
			isa = PBXGroup;
			children = (
				1885A099C07F1C02C2D6D275 /* ApplyActivity.swift */,
				54B8CEBEDF14D653D5904C76 /* Constants.swift */,
			);
			path = Utils;
			sourceTree = "<group>";
		};
/* End PBXGroup section */

/* Begin PBXNativeTarget section */
		1763D8288F4720C213D69DAF /* RiceBarMac */ = {
			isa = PBXNativeTarget;
			buildConfigurationList = F085766E5D295B45E0E73BC6 /* Build configuration list for PBXNativeTarget "RiceBarMac" */;
			buildPhases = (
				EB9AA050176851D6B73481EA /* Sources */,
				CEACCE3FE1F95C839B75C73B /* Resources */,
				6E33C6A6D714623A199C741A /* Frameworks */,
			);
			buildRules = (
			);
			dependencies = (
			);
			name = RiceBarMac;
			packageProductDependencies = (
				B17825F2AF40D3D8D44819F4 /* HotKey */,
				C605F1B125C2302857023307 /* Yams */,
			);
			productName = RiceBarMac;
			productReference = C64AE5299733FC31BEA181F8 /* RiceBarMac.app */;
			productType = "com.apple.product-type.application";
		};
		8A1DE398718AF5D4F010F225 /* RiceBarMacTests */ = {
			isa = PBXNativeTarget;
			buildConfigurationList = 20A8DA00DBC23D6BBF650824 /* Build configuration list for PBXNativeTarget "RiceBarMacTests" */;
			buildPhases = (
				C68324FEADF94DF5251AB01E /* Sources */,
			);
			buildRules = (
			);
			dependencies = (
				D02DFD9A64011BDD10238046 /* PBXTargetDependency */,
			);
			name = RiceBarMacTests;
			packageProductDependencies = (
			);
			productName = RiceBarMacTests;
			productReference = 6C007FDFEBC40D65FCA96770 /* RiceBarMacTests.xctest */;
			productType = "com.apple.product-type.bundle.unit-test";
		};
/* End PBXNativeTarget section */

/* Begin PBXProject section */
		BA0BDB382D89D1B003F1AAD1 /* Project object */ = {
			isa = PBXProject;
			attributes = {
				BuildIndependentTargetsInParallel = YES;
				LastUpgradeCheck = 1430;
				TargetAttributes = {
					1763D8288F4720C213D69DAF = {
						DevelopmentTeam = "";
						ProvisioningStyle = Automatic;
					};
					8A1DE398718AF5D4F010F225 = {
						DevelopmentTeam = "";
					};
				};
			};
			buildConfigurationList = 513EEF862863A404142738A6 /* Build configuration list for PBXProject "RiceBarMac" */;
			compatibilityVersion = "Xcode 14.0";
			developmentRegion = en;
			hasScannedForEncodings = 0;
			knownRegions = (
				Base,
				en,
			);
			mainGroup = 23B73B30AE604A6A552922ED;
			minimizedProjectReferenceProxies = 1;
			packageReferences = (
				6FB9D6B9DBB36BE7256482A0 /* XCRemoteSwiftPackageReference "HotKey" */,
				A68B064D7B0F0D9529525BDB /* XCRemoteSwiftPackageReference "Yams" */,
			);
			preferredProjectObjectVersion = 54;
			projectDirPath = "";
			projectRoot = "";
			targets = (
				1763D8288F4720C213D69DAF /* RiceBarMac */,
				8A1DE398718AF5D4F010F225 /* RiceBarMacTests */,
			);
		};
/* End PBXProject section */

/* Begin PBXResourcesBuildPhase section */
		CEACCE3FE1F95C839B75C73B /* Resources */ = {
			isa = PBXResourcesBuildPhase;
			buildActionMask = 2147483647;
			files = (
				2EB7D82C4BDA5C9361E30356 /* Assets.xcassets in Resources */,
			);
			runOnlyForDeploymentPostprocessing = 0;
		};
/* End PBXResourcesBuildPhase section */

/* Begin PBXSourcesBuildPhase section */
		C68324FEADF94DF5251AB01E /* Sources */ = {
			isa = PBXSourcesBuildPhase;
			buildActionMask = 2147483647;
			files = (
				999EE50D894B5C37205408A9 /* FileSystemUtilitiesTests.swift in Sources */,
				2AA8E1537269A18B4C67A3E0 /* ProfileTests.swift in Sources */,
			);
			runOnlyForDeploymentPostprocessing = 0;
		};
		EB9AA050176851D6B73481EA /* Sources */ = {
			isa = PBXSourcesBuildPhase;
			buildActionMask = 2147483647;
			files = (
				B32F895E6811F00E9609D921 /* ApplyActivity.swift in Sources */,
				7F8A61EEB40D60D2F3020F45 /* ApplyRecord.swift in Sources */,
				7E1877D66D719FEB41197CBF /* ConfigService.swift in Sources */,
				9B90D0089306F3D5E4A960EB /* Constants.swift in Sources */,
				BE0D34E6F46FD074BCEF948D /* FileSystemService.swift in Sources */,
				205B9A33D254D116AD48D87B /* Profile.swift in Sources */,
				6A7587A8978C75DDBD7246A7 /* ProfileService.swift in Sources */,
				034C716933742FFADEB93893 /* RiceBarConfig.swift in Sources */,
				6565061879C1006EFE25A0EB /* RiceBarMacApp.swift in Sources */,
				BF644B7A48F34F809B761EB3 /* StatusBarController.swift in Sources */,
				8D23A2CF1F17FAD812AC62B5 /* StatusBarViewModel.swift in Sources */,
				5CAA08DB78FAB9FA63ADA40E /* SystemService.swift in Sources */,
				0F686CD54CEE4E786E108F79 /* ThemeService.swift in Sources */,
			);
			runOnlyForDeploymentPostprocessing = 0;
		};
/* End PBXSourcesBuildPhase section */

/* Begin PBXTargetDependency section */
		D02DFD9A64011BDD10238046 /* PBXTargetDependency */ = {
			isa = PBXTargetDependency;
			target = 1763D8288F4720C213D69DAF /* RiceBarMac */;
			targetProxy = A120855B38D93D2425E7A9A4 /* PBXContainerItemProxy */;
		};
/* End PBXTargetDependency section */

/* Begin XCBuildConfiguration section */
		044F07B428D1E56F0874D59B /* Release */ = {
			isa = XCBuildConfiguration;
			buildSettings = {
				ARCHS = "x86_64 arm64";
				ASSETCATALOG_COMPILER_APPICON_NAME = AppIcon;
				CODE_SIGN_ENTITLEMENTS = App/Entitlements/RiceBarMac_Release.entitlements;
				CODE_SIGN_STYLE = Automatic;
				COMBINE_HIDPI_IMAGES = YES;
				ENABLE_HARDENED_RUNTIME = YES;
				INFOPLIST_FILE = App/Info.plist;
				LD_RUNPATH_SEARCH_PATHS = (
					"$(inherited)",
					"@executable_path/../Frameworks",
				);
				MACOSX_DEPLOYMENT_TARGET = 14.0;
				ONLY_ACTIVE_ARCH = NO;
				PRODUCT_BUNDLE_IDENTIFIER = com.ricebar.RiceBarMac;
				PRODUCT_NAME = RiceBarMac;
				SDKROOT = macosx;
				SWIFT_VERSION = 5.9;
				VALID_ARCHS = "x86_64 arm64";
			};
			name = Release;
		};
		17A5C424771AF6DB816C0CAC /* Release */ = {
			isa = XCBuildConfiguration;
			buildSettings = {
				ARCHS = "x86_64 arm64";
				BUNDLE_LOADER = "$(TEST_HOST)";
				COMBINE_HIDPI_IMAGES = YES;
				GENERATE_INFOPLIST_FILE = YES;
				LD_RUNPATH_SEARCH_PATHS = (
					"$(inherited)",
					"@executable_path/../Frameworks",
					"@loader_path/../Frameworks",
				);
				PRODUCT_BUNDLE_IDENTIFIER = com.ricebar.RiceBarMacTests;
				SDKROOT = macosx;
				TEST_HOST = "$(BUILT_PRODUCTS_DIR)/RiceBarMac.app/Contents/MacOS/RiceBarMac";
				VALID_ARCHS = "x86_64 arm64";
			};
			name = Release;
		};
		1CBEF369373C50E2936FC042 /* Release */ = {
			isa = XCBuildConfiguration;
			buildSettings = {
				ALWAYS_SEARCH_USER_PATHS = NO;
				ARCHS = "x86_64 arm64";
				CLANG_ANALYZER_NONNULL = YES;
				CLANG_ANALYZER_NUMBER_OBJECT_CONVERSION = YES_AGGRESSIVE;
				CLANG_CXX_LANGUAGE_STANDARD = "gnu++14";
				CLANG_CXX_LIBRARY = "libc++";
				CLANG_ENABLE_MODULES = YES;
				CLANG_ENABLE_OBJC_ARC = YES;
				CLANG_ENABLE_OBJC_WEAK = YES;
				CLANG_WARN_BLOCK_CAPTURE_AUTORELEASING = YES;
				CLANG_WARN_BOOL_CONVERSION = YES;
				CLANG_WARN_COMMA = YES;
				CLANG_WARN_CONSTANT_CONVERSION = YES;
				CLANG_WARN_DEPRECATED_OBJC_IMPLEMENTATIONS = YES;
				CLANG_WARN_DIRECT_OBJC_ISA_USAGE = YES_ERROR;
				CLANG_WARN_DOCUMENTATION_COMMENTS = YES;
				CLANG_WARN_EMPTY_BODY = YES;
				CLANG_WARN_ENUM_CONVERSION = YES;
				CLANG_WARN_INFINITE_RECURSION = YES;
				CLANG_WARN_INT_CONVERSION = YES;
				CLANG_WARN_NON_LITERAL_NULL_CONVERSION = YES;
				CLANG_WARN_OBJC_IMPLICIT_RETAIN_SELF = YES;
				CLANG_WARN_OBJC_LITERAL_CONVERSION = YES;
				CLANG_WARN_OBJC_ROOT_CLASS = YES_ERROR;
				CLANG_WARN_QUOTED_INCLUDE_IN_FRAMEWORK_HEADER = YES;
				CLANG_WARN_RANGE_LOOP_ANALYSIS = YES;
				CLANG_WARN_STRICT_PROTOTYPES = YES;
				CLANG_WARN_SUSPICIOUS_MOVE = YES;
				CLANG_WARN_UNGUARDED_AVAILABILITY = YES_AGGRESSIVE;
				CLANG_WARN_UNREACHABLE_CODE = YES;
				CLANG_WARN__DUPLICATE_METHOD_MATCH = YES;
				COPY_PHASE_STRIP = NO;
				DEBUG_INFORMATION_FORMAT = "dwarf-with-dsym";
				DEVELOPMENT_TEAM = "";
				ENABLE_NS_ASSERTIONS = NO;
				ENABLE_STRICT_OBJC_MSGSEND = YES;
				GCC_C_LANGUAGE_STANDARD = gnu11;
				GCC_NO_COMMON_BLOCKS = YES;
				GCC_WARN_64_TO_32_BIT_CONVERSION = YES;
				GCC_WARN_ABOUT_RETURN_TYPE = YES_ERROR;
				GCC_WARN_UNDECLARED_SELECTOR = YES;
				GCC_WARN_UNINITIALIZED_AUTOS = YES_AGGRESSIVE;
				GCC_WARN_UNUSED_FUNCTION = YES;
				GCC_WARN_UNUSED_VARIABLE = YES;
				MACOSX_DEPLOYMENT_TARGET = 14.0;
				MTL_ENABLE_DEBUG_INFO = NO;
				MTL_FAST_MATH = YES;
				PRODUCT_NAME = "$(TARGET_NAME)";
				SDKROOT = macosx;
				SWIFT_COMPILATION_MODE = wholemodule;
				SWIFT_OPTIMIZATION_LEVEL = "-O";
				SWIFT_VERSION = 5.0;
				VALID_ARCHS = "x86_64 arm64";
			};
			name = Release;
		};
		5A21E013D3105D64321B743B /* Debug */ = {
			isa = XCBuildConfiguration;
			buildSettings = {
				ALWAYS_SEARCH_USER_PATHS = NO;
				ARCHS = "x86_64 arm64";
				CLANG_ANALYZER_NONNULL = YES;
				CLANG_ANALYZER_NUMBER_OBJECT_CONVERSION = YES_AGGRESSIVE;
				CLANG_CXX_LANGUAGE_STANDARD = "gnu++14";
				CLANG_CXX_LIBRARY = "libc++";
				CLANG_ENABLE_MODULES = YES;
				CLANG_ENABLE_OBJC_ARC = YES;
				CLANG_ENABLE_OBJC_WEAK = YES;
				CLANG_WARN_BLOCK_CAPTURE_AUTORELEASING = YES;
				CLANG_WARN_BOOL_CONVERSION = YES;
				CLANG_WARN_COMMA = YES;
				CLANG_WARN_CONSTANT_CONVERSION = YES;
				CLANG_WARN_DEPRECATED_OBJC_IMPLEMENTATIONS = YES;
				CLANG_WARN_DIRECT_OBJC_ISA_USAGE = YES_ERROR;
				CLANG_WARN_DOCUMENTATION_COMMENTS = YES;
				CLANG_WARN_EMPTY_BODY = YES;
				CLANG_WARN_ENUM_CONVERSION = YES;
				CLANG_WARN_INFINITE_RECURSION = YES;
				CLANG_WARN_INT_CONVERSION = YES;
				CLANG_WARN_NON_LITERAL_NULL_CONVERSION = YES;
				CLANG_WARN_OBJC_IMPLICIT_RETAIN_SELF = YES;
				CLANG_WARN_OBJC_LITERAL_CONVERSION = YES;
				CLANG_WARN_OBJC_ROOT_CLASS = YES_ERROR;
				CLANG_WARN_QUOTED_INCLUDE_IN_FRAMEWORK_HEADER = YES;
				CLANG_WARN_RANGE_LOOP_ANALYSIS = YES;
				CLANG_WARN_STRICT_PROTOTYPES = YES;
				CLANG_WARN_SUSPICIOUS_MOVE = YES;
				CLANG_WARN_UNGUARDED_AVAILABILITY = YES_AGGRESSIVE;
				CLANG_WARN_UNREACHABLE_CODE = YES;
				CLANG_WARN__DUPLICATE_METHOD_MATCH = YES;
				COPY_PHASE_STRIP = NO;
				DEBUG_INFORMATION_FORMAT = dwarf;
				DEVELOPMENT_TEAM = "";
				ENABLE_STRICT_OBJC_MSGSEND = YES;
				ENABLE_TESTABILITY = YES;
				GCC_C_LANGUAGE_STANDARD = gnu11;
				GCC_DYNAMIC_NO_PIC = NO;
				GCC_NO_COMMON_BLOCKS = YES;
				GCC_OPTIMIZATION_LEVEL = 0;
				GCC_PREPROCESSOR_DEFINITIONS = (
					"$(inherited)",
					"DEBUG=1",
				);
				GCC_WARN_64_TO_32_BIT_CONVERSION = YES;
				GCC_WARN_ABOUT_RETURN_TYPE = YES_ERROR;
				GCC_WARN_UNDECLARED_SELECTOR = YES;
				GCC_WARN_UNINITIALIZED_AUTOS = YES_AGGRESSIVE;
				GCC_WARN_UNUSED_FUNCTION = YES;
				GCC_WARN_UNUSED_VARIABLE = YES;
				MACOSX_DEPLOYMENT_TARGET = 14.0;
				MTL_ENABLE_DEBUG_INFO = INCLUDE_SOURCE;
				MTL_FAST_MATH = YES;
				ONLY_ACTIVE_ARCH = YES;
				PRODUCT_NAME = "$(TARGET_NAME)";
				SDKROOT = macosx;
				SWIFT_ACTIVE_COMPILATION_CONDITIONS = DEBUG;
				SWIFT_OPTIMIZATION_LEVEL = "-Onone";
				SWIFT_VERSION = 5.0;
				VALID_ARCHS = "x86_64 arm64";
			};
			name = Debug;
		};
		7A6E8952B95AD706CBC846E0 /* Debug */ = {
			isa = XCBuildConfiguration;
			buildSettings = {
				ARCHS = "x86_64 arm64";
				BUNDLE_LOADER = "$(TEST_HOST)";
				COMBINE_HIDPI_IMAGES = YES;
				GENERATE_INFOPLIST_FILE = YES;
				LD_RUNPATH_SEARCH_PATHS = (
					"$(inherited)",
					"@executable_path/../Frameworks",
					"@loader_path/../Frameworks",
				);
				PRODUCT_BUNDLE_IDENTIFIER = com.ricebar.RiceBarMacTests;
				SDKROOT = macosx;
				TEST_HOST = "$(BUILT_PRODUCTS_DIR)/RiceBarMac.app/Contents/MacOS/RiceBarMac";
				VALID_ARCHS = "x86_64 arm64";
			};
			name = Debug;
		};
		DECBE02B64A5F9A97871922E /* Debug */ = {
			isa = XCBuildConfiguration;
			buildSettings = {
				ARCHS = "x86_64 arm64";
				ASSETCATALOG_COMPILER_APPICON_NAME = AppIcon;
				CODE_SIGNING_ALLOWED = NO;
				CODE_SIGN_ENTITLEMENTS = App/Entitlements/RiceBarMac_Debug.entitlements;
				CODE_SIGN_STYLE = Automatic;
				COMBINE_HIDPI_IMAGES = YES;
				ENABLE_HARDENED_RUNTIME = NO;
				INFOPLIST_FILE = App/Info.plist;
				LD_RUNPATH_SEARCH_PATHS = (
					"$(inherited)",
					"@executable_path/../Frameworks",
				);
				MACOSX_DEPLOYMENT_TARGET = 14.0;
				ONLY_ACTIVE_ARCH = YES;
				PRODUCT_BUNDLE_IDENTIFIER = com.ricebar.RiceBarMac;
				PRODUCT_NAME = RiceBarMac;
				SDKROOT = macosx;
				SWIFT_VERSION = 5.9;
				VALID_ARCHS = "x86_64 arm64";
			};
			name = Debug;
		};
/* End XCBuildConfiguration section */

/* Begin XCConfigurationList section */
		20A8DA00DBC23D6BBF650824 /* Build configuration list for PBXNativeTarget "RiceBarMacTests" */ = {
			isa = XCConfigurationList;
			buildConfigurations = (
				7A6E8952B95AD706CBC846E0 /* Debug */,
				17A5C424771AF6DB816C0CAC /* Release */,
			);
			defaultConfigurationIsVisible = 0;
			defaultConfigurationName = Debug;
		};
		513EEF862863A404142738A6 /* Build configuration list for PBXProject "RiceBarMac" */ = {
			isa = XCConfigurationList;
			buildConfigurations = (
				5A21E013D3105D64321B743B /* Debug */,
				1CBEF369373C50E2936FC042 /* Release */,
			);
			defaultConfigurationIsVisible = 0;
			defaultConfigurationName = Debug;
		};
		F085766E5D295B45E0E73BC6 /* Build configuration list for PBXNativeTarget "RiceBarMac" */ = {
			isa = XCConfigurationList;
			buildConfigurations = (
				DECBE02B64A5F9A97871922E /* Debug */,
				044F07B428D1E56F0874D59B /* Release */,
			);
			defaultConfigurationIsVisible = 0;
			defaultConfigurationName = Debug;
		};
/* End XCConfigurationList section */

/* Begin XCRemoteSwiftPackageReference section */
		6FB9D6B9DBB36BE7256482A0 /* XCRemoteSwiftPackageReference "HotKey" */ = {
			isa = XCRemoteSwiftPackageReference;
			repositoryURL = "https://github.com/soffes/HotKey.git";
			requirement = {
				kind = exactVersion;
				version = 0.2.1;
			};
		};
		A68B064D7B0F0D9529525BDB /* XCRemoteSwiftPackageReference "Yams" */ = {
			isa = XCRemoteSwiftPackageReference;
			repositoryURL = "https://github.com/jpsim/Yams.git";
			requirement = {
				kind = exactVersion;
				version = 5.4.0;
			};
		};
/* End XCRemoteSwiftPackageReference section */

/* Begin XCSwiftPackageProductDependency section */
		B17825F2AF40D3D8D44819F4 /* HotKey */ = {
			isa = XCSwiftPackageProductDependency;
			package = 6FB9D6B9DBB36BE7256482A0 /* XCRemoteSwiftPackageReference "HotKey" */;
			productName = HotKey;
		};
		C605F1B125C2302857023307 /* Yams */ = {
			isa = XCSwiftPackageProductDependency;
			package = A68B064D7B0F0D9529525BDB /* XCRemoteSwiftPackageReference "Yams" */;
			productName = Yams;
		};
/* End XCSwiftPackageProductDependency section */
	};
	rootObject = BA0BDB382D89D1B003F1AAD1 /* Project object */;
}
